{
  "requires": true,
  "lockfileVersion": 1,
  "dependencies": {
    "lottie-web": {
      "version": "5.7.3",
      "resolved": "https://registry.npmjs.org/lottie-web/-/lottie-web-5.7.3.tgz",
      "integrity": "sha512-ftN4AdiNmtoVpCfN1doiUIUbhOrDSMikH1Yl64/xO5lzQ31AO0+G82bqrCNHIW5Ec2zE/g7y4iz7zBR1YJwDaA=="
    }
  }
}
